
Microsoft Visual Studio Solution File, Format Version 12.00
# Visual Studio Version 17
VisualStudioVersion = 17.14.36221.1 d17.14
MinimumVisualStudioVersion = 10.0.40219.1
Project("{FAE04EC0-301F-11D3-BF4B-00C04F79EFBC}") = "SimpleTodoApp", "SimpleTodoApp.csproj", "{37A104BF-7719-4905-AD78-74D4C18D990B}"
EndProject
Global
	GlobalSection(SolutionConfigurationPlatforms) = preSolution
		Debug|Any CPU = Debug|Any CPU
		Release|Any CPU = Release|Any CPU
	EndGlobalSection
	GlobalSection(ProjectConfigurationPlatforms) = postSolution
		{37A104BF-7719-4905-AD78-74D4C18D990B}.Debug|Any CPU.ActiveCfg = Debug|Any CPU
		{37A104BF-7719-4905-AD78-74D4C18D990B}.Debug|Any CPU.Build.0 = Debug|Any CPU
		{37A104BF-7719-4905-AD78-74D4C18D990B}.Release|Any CPU.ActiveCfg = Release|Any CPU
		{37A104BF-7719-4905-AD78-74D4C18D990B}.Release|Any CPU.Build.0 = Release|Any CPU
	EndGlobalSection
	GlobalSection(SolutionProperties) = preSolution
		HideSolutionNode = FALSE
	EndGlobalSection
	GlobalSection(ExtensibilityGlobals) = postSolution
		SolutionGuid = {91D02B81-9999-4A3A-AF75-9A5EB759098B}
	EndGlobalSection
EndGlobal
